
Microsoft Visual Studio Solution File, Format Version 12.00
# Visual Studio Version 17
VisualStudioVersion = 17.14.36518.9
MinimumVisualStudioVersion = 10.0.40219.1
Project("{FAE04EC0-301F-11D3-BF4B-00C04F79EFBC}") = "Producer", "Practice2\Producer.csproj", "{F6F07FA4-05AC-4EDD-A30F-4F1063E231D4}"
EndProject
Project("{FAE04EC0-301F-11D3-BF4B-00C04F79EFBC}") = "Consumer", "Consumer\Consumer.csproj", "{EC83C46C-3AAC-46AE-A983-95C723ECC3C0}"
EndProject
Project("{2150E333-8FDC-42A3-9474-1A3956D46DE8}") = "Domain", "Domain", "{02EA681E-C7D8-13C7-8484-4AC65E1B71E8}"
EndProject
Project("{FAE04EC0-301F-11D3-BF4B-00C04F79EFBC}") = "Leviatas.MicroRabbit.Domain.Core", "Leviatas.MicroRabbit.Domain.Core\Leviatas.MicroRabbit.Domain.Core.csproj", "{E7029565-BEC6-41B7-A6FF-542FD114325E}"
EndProject
Project("{2150E333-8FDC-42A3-9474-1A3956D46DE8}") = "Infra.Bus", "Infra.Bus", "{0A8E0BF0-D35C-4CC4-8D86-A3D337C3E2EA}"
EndProject
Project("{2150E333-8FDC-42A3-9474-1A3956D46DE8}") = "Infra.IoC", "Infra.IoC", "{8E0A93FB-0050-4BB5-B2A0-176A593468D6}"
EndProject
Project("{2150E333-8FDC-42A3-9474-1A3956D46DE8}") = "Microservices", "Microservices", "{89A1160B-792B-4ED2-B956-769D3DCB5C2B}"
EndProject
Project("{2150E333-8FDC-42A3-9474-1A3956D46DE8}") = "Presentation", "Presentation", "{79602C91-F255-45E6-96FE-7145FAAEB8A3}"
EndProject
Project("{FAE04EC0-301F-11D3-BF4B-00C04F79EFBC}") = "Leviatas.MicroRabbit.Infra.Bus", "Leviatas.MicroRabbit.Infra.Bus\Leviatas.MicroRabbit.Infra.Bus.csproj", "{14C319A9-B197-4B09-9635-8E14C016C733}"
EndProject
Project("{FAE04EC0-301F-11D3-BF4B-00C04F79EFBC}") = "Leviatas.MicroRabbit.Infra.IoC", "Leviatas.MicroRabbit.Infra.IoC\Leviatas.MicroRabbit.Infra.IoC.csproj", "{515301FB-9C06-4DD8-A817-13C5DD160446}"
EndProject
Project("{2150E333-8FDC-42A3-9474-1A3956D46DE8}") = "Banking", "Banking", "{69BA17C1-F0C1-441B-BDE4-75E6A649B8FE}"
EndProject
Project("{2150E333-8FDC-42A3-9474-1A3956D46DE8}") = "Api", "Api", "{E8095F2C-C0D5-4316-8A02-F3AB7FE50554}"
EndProject
Project("{2150E333-8FDC-42A3-9474-1A3956D46DE8}") = "Domain", "Domain", "{28645264-40F7-4620-8300-4885D77FC02F}"
EndProject
Project("{2150E333-8FDC-42A3-9474-1A3956D46DE8}") = "Application", "Application", "{CE492EE6-BC76-4586-8178-C00E607C19DB}"
EndProject
Project("{2150E333-8FDC-42A3-9474-1A3956D46DE8}") = "Data", "Data", "{82B4A969-54DB-422F-81E2-17AFBDEA6675}"
EndProject
Project("{FAE04EC0-301F-11D3-BF4B-00C04F79EFBC}") = "Leviatas.MicroRabbit.Banking.Api", "Leviatas.MicroRabbit.Banking.Api\Leviatas.MicroRabbit.Banking.Api.csproj", "{D98569B2-EDAD-4C7B-BE17-286FD2FBD665}"
EndProject
Project("{FAE04EC0-301F-11D3-BF4B-00C04F79EFBC}") = "Leviatas.MicroRabbit.Banking.Application", "Leviatas.MicroRabbit.Banking.Application\Leviatas.MicroRabbit.Banking.Application.csproj", "{F2A6FEC7-7319-4CEF-BFE8-F0FC0E1CD6E2}"
EndProject
Project("{FAE04EC0-301F-11D3-BF4B-00C04F79EFBC}") = "Leviatas.MicroRabbit.Banking.Data", "Leviatas.MicroRabbit.Banking.Data\Leviatas.MicroRabbit.Banking.Data.csproj", "{CD3CA663-2EAA-4727-A293-08815A7E9259}"
EndProject
Project("{FAE04EC0-301F-11D3-BF4B-00C04F79EFBC}") = "Leviatas.MicroRabbit.Banking.Domain", "Leviatas.MicroRabbit.Banking.Domain\Leviatas.MicroRabbit.Banking.Domain.csproj", "{6181B10B-65D5-48DE-A4EB-702D75BE2F02}"
EndProject
Project("{2150E333-8FDC-42A3-9474-1A3956D46DE8}") = "Transfer", "Transfer", "{7E77727A-EE66-4521-8649-9D84393ABC2D}"
EndProject
Project("{2150E333-8FDC-42A3-9474-1A3956D46DE8}") = "Api", "Api", "{BA2477D9-EA31-4408-9C33-66F04C070880}"
EndProject
Project("{2150E333-8FDC-42A3-9474-1A3956D46DE8}") = "Application", "Application", "{AF246F80-4FF5-4020-AA29-B9CD559D64F8}"
EndProject
Project("{2150E333-8FDC-42A3-9474-1A3956D46DE8}") = "Data", "Data", "{DC2716A0-C555-46E7-B0B0-E11DF63FB1A1}"
EndProject
Project("{2150E333-8FDC-42A3-9474-1A3956D46DE8}") = "Domain", "Domain", "{C1A32455-16EA-4CD0-BFD6-36DCD0E54238}"
EndProject
Project("{FAE04EC0-301F-11D3-BF4B-00C04F79EFBC}") = "Leviatas.MicroRabbit.Transfer.Api", "Leviatas.MicroRabbit.Transfer.Api\Leviatas.MicroRabbit.Transfer.Api.csproj", "{48D9BFBD-44B4-4C97-8593-C737B69B0C52}"
EndProject
Project("{FAE04EC0-301F-11D3-BF4B-00C04F79EFBC}") = "Leviatas.MicroRabbit.Transfer.Application", "Leviatas.MicroRabbit.Transfer.Application\Leviatas.MicroRabbit.Transfer.Application.csproj", "{4CEB8147-66FF-45A7-8411-0617C0921C81}"
EndProject
Project("{FAE04EC0-301F-11D3-BF4B-00C04F79EFBC}") = "Leviatas.MicroRabbit.Transfer.Data", "Leviatas.MicroRabbit.Transfer.Data\Leviatas.MicroRabbit.Transfer.Data.csproj", "{1031B577-6C39-404D-803F-C5157DAD3BF2}"
EndProject
Project("{FAE04EC0-301F-11D3-BF4B-00C04F79EFBC}") = "Leviatas.MicroRabbit.Transfer.Domain", "Leviatas.MicroRabbit.Transfer.Domain\Leviatas.MicroRabbit.Transfer.Domain.csproj", "{8A69536D-300F-425F-86AC-A4BE466718AB}"
EndProject
Project("{2150E333-8FDC-42A3-9474-1A3956D46DE8}") = "PresentationFolder", "PresentationFolder", "{369CB01D-A1A7-72D2-AABC-3F0945D148A2}"
EndProject
Project("{FAE04EC0-301F-11D3-BF4B-00C04F79EFBC}") = "Leviatas.MicroRabbit.MVC", "Leviatas.MicroRabbit.MVC\Leviatas.MicroRabbit.MVC.csproj", "{82BAEFA3-5F44-4AF4-A6E4-6B48A7BE8119}"
EndProject
Global
	GlobalSection(SolutionConfigurationPlatforms) = preSolution
		Debug|Any CPU = Debug|Any CPU
		Release|Any CPU = Release|Any CPU
	EndGlobalSection
	GlobalSection(ProjectConfigurationPlatforms) = postSolution
		{F6F07FA4-05AC-4EDD-A30F-4F1063E231D4}.Debug|Any CPU.ActiveCfg = Debug|Any CPU
		{F6F07FA4-05AC-4EDD-A30F-4F1063E231D4}.Debug|Any CPU.Build.0 = Debug|Any CPU
		{F6F07FA4-05AC-4EDD-A30F-4F1063E231D4}.Release|Any CPU.ActiveCfg = Release|Any CPU
		{F6F07FA4-05AC-4EDD-A30F-4F1063E231D4}.Release|Any CPU.Build.0 = Release|Any CPU
		{EC83C46C-3AAC-46AE-A983-95C723ECC3C0}.Debug|Any CPU.ActiveCfg = Debug|Any CPU
		{EC83C46C-3AAC-46AE-A983-95C723ECC3C0}.Debug|Any CPU.Build.0 = Debug|Any CPU
		{EC83C46C-3AAC-46AE-A983-95C723ECC3C0}.Release|Any CPU.ActiveCfg = Release|Any CPU
		{EC83C46C-3AAC-46AE-A983-95C723ECC3C0}.Release|Any CPU.Build.0 = Release|Any CPU
		{E7029565-BEC6-41B7-A6FF-542FD114325E}.Debug|Any CPU.ActiveCfg = Debug|Any CPU
		{E7029565-BEC6-41B7-A6FF-542FD114325E}.Debug|Any CPU.Build.0 = Debug|Any CPU
		{E7029565-BEC6-41B7-A6FF-542FD114325E}.Release|Any CPU.ActiveCfg = Release|Any CPU
		{E7029565-BEC6-41B7-A6FF-542FD114325E}.Release|Any CPU.Build.0 = Release|Any CPU
		{14C319A9-B197-4B09-9635-8E14C016C733}.Debug|Any CPU.ActiveCfg = Debug|Any CPU
		{14C319A9-B197-4B09-9635-8E14C016C733}.Debug|Any CPU.Build.0 = Debug|Any CPU
		{14C319A9-B197-4B09-9635-8E14C016C733}.Release|Any CPU.ActiveCfg = Release|Any CPU
		{14C319A9-B197-4B09-9635-8E14C016C733}.Release|Any CPU.Build.0 = Release|Any CPU
		{515301FB-9C06-4DD8-A817-13C5DD160446}.Debug|Any CPU.ActiveCfg = Debug|Any CPU
		{515301FB-9C06-4DD8-A817-13C5DD160446}.Debug|Any CPU.Build.0 = Debug|Any CPU
		{515301FB-9C06-4DD8-A817-13C5DD160446}.Release|Any CPU.ActiveCfg = Release|Any CPU
		{515301FB-9C06-4DD8-A817-13C5DD160446}.Release|Any CPU.Build.0 = Release|Any CPU
		{D98569B2-EDAD-4C7B-BE17-286FD2FBD665}.Debug|Any CPU.ActiveCfg = Debug|Any CPU
		{D98569B2-EDAD-4C7B-BE17-286FD2FBD665}.Debug|Any CPU.Build.0 = Debug|Any CPU
		{D98569B2-EDAD-4C7B-BE17-286FD2FBD665}.Release|Any CPU.ActiveCfg = Release|Any CPU
		{D98569B2-EDAD-4C7B-BE17-286FD2FBD665}.Release|Any CPU.Build.0 = Release|Any CPU
		{F2A6FEC7-7319-4CEF-BFE8-F0FC0E1CD6E2}.Debug|Any CPU.ActiveCfg = Debug|Any CPU
		{F2A6FEC7-7319-4CEF-BFE8-F0FC0E1CD6E2}.Debug|Any CPU.Build.0 = Debug|Any CPU
		{F2A6FEC7-7319-4CEF-BFE8-F0FC0E1CD6E2}.Release|Any CPU.ActiveCfg = Release|Any CPU
		{F2A6FEC7-7319-4CEF-BFE8-F0FC0E1CD6E2}.Release|Any CPU.Build.0 = Release|Any CPU
		{CD3CA663-2EAA-4727-A293-08815A7E9259}.Debug|Any CPU.ActiveCfg = Debug|Any CPU
		{CD3CA663-2EAA-4727-A293-08815A7E9259}.Debug|Any CPU.Build.0 = Debug|Any CPU
		{CD3CA663-2EAA-4727-A293-08815A7E9259}.Release|Any CPU.ActiveCfg = Release|Any CPU
		{CD3CA663-2EAA-4727-A293-08815A7E9259}.Release|Any CPU.Build.0 = Release|Any CPU
		{6181B10B-65D5-48DE-A4EB-702D75BE2F02}.Debug|Any CPU.ActiveCfg = Debug|Any CPU
		{6181B10B-65D5-48DE-A4EB-702D75BE2F02}.Debug|Any CPU.Build.0 = Debug|Any CPU
		{6181B10B-65D5-48DE-A4EB-702D75BE2F02}.Release|Any CPU.ActiveCfg = Release|Any CPU
		{6181B10B-65D5-48DE-A4EB-702D75BE2F02}.Release|Any CPU.Build.0 = Release|Any CPU
		{48D9BFBD-44B4-4C97-8593-C737B69B0C52}.Debug|Any CPU.ActiveCfg = Debug|Any CPU
		{48D9BFBD-44B4-4C97-8593-C737B69B0C52}.Debug|Any CPU.Build.0 = Debug|Any CPU
		{48D9BFBD-44B4-4C97-8593-C737B69B0C52}.Release|Any CPU.ActiveCfg = Release|Any CPU
		{48D9BFBD-44B4-4C97-8593-C737B69B0C52}.Release|Any CPU.Build.0 = Release|Any CPU
		{4CEB8147-66FF-45A7-8411-0617C0921C81}.Debug|Any CPU.ActiveCfg = Debug|Any CPU
		{4CEB8147-66FF-45A7-8411-0617C0921C81}.Debug|Any CPU.Build.0 = Debug|Any CPU
		{4CEB8147-66FF-45A7-8411-0617C0921C81}.Release|Any CPU.ActiveCfg = Release|Any CPU
		{4CEB8147-66FF-45A7-8411-0617C0921C81}.Release|Any CPU.Build.0 = Release|Any CPU
		{1031B577-6C39-404D-803F-C5157DAD3BF2}.Debug|Any CPU.ActiveCfg = Debug|Any CPU
		{1031B577-6C39-404D-803F-C5157DAD3BF2}.Debug|Any CPU.Build.0 = Debug|Any CPU
		{1031B577-6C39-404D-803F-C5157DAD3BF2}.Release|Any CPU.ActiveCfg = Release|Any CPU
		{1031B577-6C39-404D-803F-C5157DAD3BF2}.Release|Any CPU.Build.0 = Release|Any CPU
		{8A69536D-300F-425F-86AC-A4BE466718AB}.Debug|Any CPU.ActiveCfg = Debug|Any CPU
		{8A69536D-300F-425F-86AC-A4BE466718AB}.Debug|Any CPU.Build.0 = Debug|Any CPU
		{8A69536D-300F-425F-86AC-A4BE466718AB}.Release|Any CPU.ActiveCfg = Release|Any CPU
		{8A69536D-300F-425F-86AC-A4BE466718AB}.Release|Any CPU.Build.0 = Release|Any CPU
		{82BAEFA3-5F44-4AF4-A6E4-6B48A7BE8119}.Debug|Any CPU.ActiveCfg = Debug|Any CPU
		{82BAEFA3-5F44-4AF4-A6E4-6B48A7BE8119}.Debug|Any CPU.Build.0 = Debug|Any CPU
		{82BAEFA3-5F44-4AF4-A6E4-6B48A7BE8119}.Release|Any CPU.ActiveCfg = Release|Any CPU
		{82BAEFA3-5F44-4AF4-A6E4-6B48A7BE8119}.Release|Any CPU.Build.0 = Release|Any CPU
	EndGlobalSection
	GlobalSection(SolutionProperties) = preSolution
		HideSolutionNode = FALSE
	EndGlobalSection
	GlobalSection(NestedProjects) = preSolution
		{E7029565-BEC6-41B7-A6FF-542FD114325E} = {02EA681E-C7D8-13C7-8484-4AC65E1B71E8}
		{14C319A9-B197-4B09-9635-8E14C016C733} = {0A8E0BF0-D35C-4CC4-8D86-A3D337C3E2EA}
		{515301FB-9C06-4DD8-A817-13C5DD160446} = {8E0A93FB-0050-4BB5-B2A0-176A593468D6}
		{69BA17C1-F0C1-441B-BDE4-75E6A649B8FE} = {89A1160B-792B-4ED2-B956-769D3DCB5C2B}
		{E8095F2C-C0D5-4316-8A02-F3AB7FE50554} = {69BA17C1-F0C1-441B-BDE4-75E6A649B8FE}
		{28645264-40F7-4620-8300-4885D77FC02F} = {69BA17C1-F0C1-441B-BDE4-75E6A649B8FE}
		{CE492EE6-BC76-4586-8178-C00E607C19DB} = {69BA17C1-F0C1-441B-BDE4-75E6A649B8FE}
		{82B4A969-54DB-422F-81E2-17AFBDEA6675} = {69BA17C1-F0C1-441B-BDE4-75E6A649B8FE}
		{D98569B2-EDAD-4C7B-BE17-286FD2FBD665} = {E8095F2C-C0D5-4316-8A02-F3AB7FE50554}
		{F2A6FEC7-7319-4CEF-BFE8-F0FC0E1CD6E2} = {CE492EE6-BC76-4586-8178-C00E607C19DB}
		{CD3CA663-2EAA-4727-A293-08815A7E9259} = {82B4A969-54DB-422F-81E2-17AFBDEA6675}
		{6181B10B-65D5-48DE-A4EB-702D75BE2F02} = {28645264-40F7-4620-8300-4885D77FC02F}
		{7E77727A-EE66-4521-8649-9D84393ABC2D} = {89A1160B-792B-4ED2-B956-769D3DCB5C2B}
		{BA2477D9-EA31-4408-9C33-66F04C070880} = {7E77727A-EE66-4521-8649-9D84393ABC2D}
		{AF246F80-4FF5-4020-AA29-B9CD559D64F8} = {7E77727A-EE66-4521-8649-9D84393ABC2D}
		{DC2716A0-C555-46E7-B0B0-E11DF63FB1A1} = {7E77727A-EE66-4521-8649-9D84393ABC2D}
		{C1A32455-16EA-4CD0-BFD6-36DCD0E54238} = {7E77727A-EE66-4521-8649-9D84393ABC2D}
		{48D9BFBD-44B4-4C97-8593-C737B69B0C52} = {BA2477D9-EA31-4408-9C33-66F04C070880}
		{4CEB8147-66FF-45A7-8411-0617C0921C81} = {AF246F80-4FF5-4020-AA29-B9CD559D64F8}
		{1031B577-6C39-404D-803F-C5157DAD3BF2} = {DC2716A0-C555-46E7-B0B0-E11DF63FB1A1}
		{8A69536D-300F-425F-86AC-A4BE466718AB} = {C1A32455-16EA-4CD0-BFD6-36DCD0E54238}
		{82BAEFA3-5F44-4AF4-A6E4-6B48A7BE8119} = {369CB01D-A1A7-72D2-AABC-3F0945D148A2}
	EndGlobalSection
	GlobalSection(ExtensibilityGlobals) = postSolution
		SolutionGuid = {BECD2FC5-17B0-44BF-AD78-1457A01819C1}
	EndGlobalSection
EndGlobal
