
Microsoft Visual Studio Solution File, Format Version 12.00
# Visual Studio Version 17
VisualStudioVersion = 17.14.36518.9 d17.14
MinimumVisualStudioVersion = 10.0.40219.1
Project("{FAE04EC0-301F-11D3-BF4B-00C04F79EFBC}") = "Producer", "Practice2\Producer.csproj", "{F6F07FA4-05AC-4EDD-A30F-4F1063E231D4}"
EndProject
Project("{FAE04EC0-301F-11D3-BF4B-00C04F79EFBC}") = "Consumer", "Consumer\Consumer.csproj", "{EC83C46C-3AAC-46AE-A983-95C723ECC3C0}"
EndProject
Global
	GlobalSection(SolutionConfigurationPlatforms) = preSolution
		Debug|Any CPU = Debug|Any CPU
		Release|Any CPU = Release|Any CPU
	EndGlobalSection
	GlobalSection(ProjectConfigurationPlatforms) = postSolution
		{F6F07FA4-05AC-4EDD-A30F-4F1063E231D4}.Debug|Any CPU.ActiveCfg = Debug|Any CPU
		{F6F07FA4-05AC-4EDD-A30F-4F1063E231D4}.Debug|Any CPU.Build.0 = Debug|Any CPU
		{F6F07FA4-05AC-4EDD-A30F-4F1063E231D4}.Release|Any CPU.ActiveCfg = Release|Any CPU
		{F6F07FA4-05AC-4EDD-A30F-4F1063E231D4}.Release|Any CPU.Build.0 = Release|Any CPU
		{EC83C46C-3AAC-46AE-A983-95C723ECC3C0}.Debug|Any CPU.ActiveCfg = Debug|Any CPU
		{EC83C46C-3AAC-46AE-A983-95C723ECC3C0}.Debug|Any CPU.Build.0 = Debug|Any CPU
		{EC83C46C-3AAC-46AE-A983-95C723ECC3C0}.Release|Any CPU.ActiveCfg = Release|Any CPU
		{EC83C46C-3AAC-46AE-A983-95C723ECC3C0}.Release|Any CPU.Build.0 = Release|Any CPU
	EndGlobalSection
	GlobalSection(SolutionProperties) = preSolution
		HideSolutionNode = FALSE
	EndGlobalSection
	GlobalSection(ExtensibilityGlobals) = postSolution
		SolutionGuid = {BECD2FC5-17B0-44BF-AD78-1457A01819C1}
	EndGlobalSection
EndGlobal
