
Microsoft Visual Studio Solution File, Format Version 12.00
# Visual Studio Version 17
VisualStudioVersion = 17.14.36518.9
MinimumVisualStudioVersion = 10.0.40219.1
Project("{FAE04EC0-301F-11D3-BF4B-00C04F79EFBC}") = "Producer", "Practice2\Producer.csproj", "{F6F07FA4-05AC-4EDD-A30F-4F1063E231D4}"
EndProject
Project("{FAE04EC0-301F-11D3-BF4B-00C04F79EFBC}") = "Consumer", "Consumer\Consumer.csproj", "{EC83C46C-3AAC-46AE-A983-95C723ECC3C0}"
EndProject
Project("{2150E333-8FDC-42A3-9474-1A3956D46DE8}") = "Domain", "Domain", "{02EA681E-C7D8-13C7-8484-4AC65E1B71E8}"
EndProject
Project("{FAE04EC0-301F-11D3-BF4B-00C04F79EFBC}") = "Leviatas.MicroRabbit.Domain.Core", "Leviatas.MicroRabbit.Domain.Core\Leviatas.MicroRabbit.Domain.Core.csproj", "{E7029565-BEC6-41B7-A6FF-542FD114325E}"
EndProject
Project("{2150E333-8FDC-42A3-9474-1A3956D46DE8}") = "Infra.Bus", "Infra.Bus", "{0A8E0BF0-D35C-4CC4-8D86-A3D337C3E2EA}"
EndProject
Project("{2150E333-8FDC-42A3-9474-1A3956D46DE8}") = "Infra.IoC", "Infra.IoC", "{8E0A93FB-0050-4BB5-B2A0-176A593468D6}"
EndProject
Project("{2150E333-8FDC-42A3-9474-1A3956D46DE8}") = "Microservices", "Microservices", "{89A1160B-792B-4ED2-B956-769D3DCB5C2B}"
EndProject
Project("{2150E333-8FDC-42A3-9474-1A3956D46DE8}") = "Presentation", "Presentation", "{79602C91-F255-45E6-96FE-7145FAAEB8A3}"
EndProject
Global
	GlobalSection(SolutionConfigurationPlatforms) = preSolution
		Debug|Any CPU = Debug|Any CPU
		Release|Any CPU = Release|Any CPU
	EndGlobalSection
	GlobalSection(ProjectConfigurationPlatforms) = postSolution
		{F6F07FA4-05AC-4EDD-A30F-4F1063E231D4}.Debug|Any CPU.ActiveCfg = Debug|Any CPU
		{F6F07FA4-05AC-4EDD-A30F-4F1063E231D4}.Debug|Any CPU.Build.0 = Debug|Any CPU
		{F6F07FA4-05AC-4EDD-A30F-4F1063E231D4}.Release|Any CPU.ActiveCfg = Release|Any CPU
		{F6F07FA4-05AC-4EDD-A30F-4F1063E231D4}.Release|Any CPU.Build.0 = Release|Any CPU
		{EC83C46C-3AAC-46AE-A983-95C723ECC3C0}.Debug|Any CPU.ActiveCfg = Debug|Any CPU
		{EC83C46C-3AAC-46AE-A983-95C723ECC3C0}.Debug|Any CPU.Build.0 = Debug|Any CPU
		{EC83C46C-3AAC-46AE-A983-95C723ECC3C0}.Release|Any CPU.ActiveCfg = Release|Any CPU
		{EC83C46C-3AAC-46AE-A983-95C723ECC3C0}.Release|Any CPU.Build.0 = Release|Any CPU
		{E7029565-BEC6-41B7-A6FF-542FD114325E}.Debug|Any CPU.ActiveCfg = Debug|Any CPU
		{E7029565-BEC6-41B7-A6FF-542FD114325E}.Debug|Any CPU.Build.0 = Debug|Any CPU
		{E7029565-BEC6-41B7-A6FF-542FD114325E}.Release|Any CPU.ActiveCfg = Release|Any CPU
		{E7029565-BEC6-41B7-A6FF-542FD114325E}.Release|Any CPU.Build.0 = Release|Any CPU
	EndGlobalSection
	GlobalSection(SolutionProperties) = preSolution
		HideSolutionNode = FALSE
	EndGlobalSection
	GlobalSection(NestedProjects) = preSolution
		{E7029565-BEC6-41B7-A6FF-542FD114325E} = {02EA681E-C7D8-13C7-8484-4AC65E1B71E8}
	EndGlobalSection
	GlobalSection(ExtensibilityGlobals) = postSolution
		SolutionGuid = {BECD2FC5-17B0-44BF-AD78-1457A01819C1}
	EndGlobalSection
EndGlobal
